
Microsoft Visual Studio Solution File, Format Version 12.00
Project("{FAE04EC0-301F-11D3-BF4B-00C04F79EFBC}") = "FormationBlazor", "FormationBlazor\FormationBlazor.csproj", "{1EA6CABD-DACC-4DB8-B815-D64A8F6DF8BE}"
EndProject
Project("{FAE04EC0-301F-11D3-BF4B-00C04F79EFBC}") = "ExempleApi", "ExempleApi\ExempleApi.csproj", "{DE3584B9-2490-4620-ADDF-CBAE8C06979B}"
EndProject
Project("{FAE04EC0-301F-11D3-BF4B-00C04F79EFBC}") = "CorrectionExercice1", "CorrectionExercice1\CorrectionExercice1.csproj", "{DF5B077B-6780-4023-96B0-368602CB9440}"
EndProject
Project("{FAE04EC0-301F-11D3-BF4B-00C04F79EFBC}") = "CorrectionExercice2", "CorrectionExercice2\CorrectionExercice2.csproj", "{50B5AA21-F532-4945-B8FA-6A4672A2E71D}"
EndProject
Project("{FAE04EC0-301F-11D3-BF4B-00C04F79EFBC}") = "CorrectionExercice3", "CorrectionExercice3\CorrectionExercice3.csproj", "{FC0CCAF0-AF3C-468A-963E-B83314DCF8FB}"
EndProject
Project("{FAE04EC0-301F-11D3-BF4B-00C04F79EFBC}") = "CorrectionPendu", "CorrectionPendu\CorrectionPendu.csproj", "{7ECD248F-099F-4CB2-93D3-1B66D6E3D03B}"
EndProject
Project("{FAE04EC0-301F-11D3-BF4B-00C04F79EFBC}") = "CorrectionPenduMVVM", "CorrectionPenduMVVM\CorrectionPenduMVVM.csproj", "{3758367C-1FBC-43C9-8AC0-3412853F5808}"
EndProject
Project("{FAE04EC0-301F-11D3-BF4B-00C04F79EFBC}") = "TodoListAppMVVM", "TodoListAppMVVM\TodoListAppMVVM.csproj", "{BC38E00E-C3E4-4E6E-A347-0AB9BBF54CBD}"
EndProject
Global
	GlobalSection(SolutionConfigurationPlatforms) = preSolution
		Debug|Any CPU = Debug|Any CPU
		Release|Any CPU = Release|Any CPU
	EndGlobalSection
	GlobalSection(ProjectConfigurationPlatforms) = postSolution
		{1EA6CABD-DACC-4DB8-B815-D64A8F6DF8BE}.Debug|Any CPU.ActiveCfg = Debug|Any CPU
		{1EA6CABD-DACC-4DB8-B815-D64A8F6DF8BE}.Debug|Any CPU.Build.0 = Debug|Any CPU
		{1EA6CABD-DACC-4DB8-B815-D64A8F6DF8BE}.Release|Any CPU.ActiveCfg = Release|Any CPU
		{1EA6CABD-DACC-4DB8-B815-D64A8F6DF8BE}.Release|Any CPU.Build.0 = Release|Any CPU
		{DE3584B9-2490-4620-ADDF-CBAE8C06979B}.Debug|Any CPU.ActiveCfg = Debug|Any CPU
		{DE3584B9-2490-4620-ADDF-CBAE8C06979B}.Debug|Any CPU.Build.0 = Debug|Any CPU
		{DE3584B9-2490-4620-ADDF-CBAE8C06979B}.Release|Any CPU.ActiveCfg = Release|Any CPU
		{DE3584B9-2490-4620-ADDF-CBAE8C06979B}.Release|Any CPU.Build.0 = Release|Any CPU
		{DF5B077B-6780-4023-96B0-368602CB9440}.Debug|Any CPU.ActiveCfg = Debug|Any CPU
		{DF5B077B-6780-4023-96B0-368602CB9440}.Debug|Any CPU.Build.0 = Debug|Any CPU
		{DF5B077B-6780-4023-96B0-368602CB9440}.Release|Any CPU.ActiveCfg = Release|Any CPU
		{DF5B077B-6780-4023-96B0-368602CB9440}.Release|Any CPU.Build.0 = Release|Any CPU
		{50B5AA21-F532-4945-B8FA-6A4672A2E71D}.Debug|Any CPU.ActiveCfg = Debug|Any CPU
		{50B5AA21-F532-4945-B8FA-6A4672A2E71D}.Debug|Any CPU.Build.0 = Debug|Any CPU
		{50B5AA21-F532-4945-B8FA-6A4672A2E71D}.Release|Any CPU.ActiveCfg = Release|Any CPU
		{50B5AA21-F532-4945-B8FA-6A4672A2E71D}.Release|Any CPU.Build.0 = Release|Any CPU
		{FC0CCAF0-AF3C-468A-963E-B83314DCF8FB}.Debug|Any CPU.ActiveCfg = Debug|Any CPU
		{FC0CCAF0-AF3C-468A-963E-B83314DCF8FB}.Debug|Any CPU.Build.0 = Debug|Any CPU
		{FC0CCAF0-AF3C-468A-963E-B83314DCF8FB}.Release|Any CPU.ActiveCfg = Release|Any CPU
		{FC0CCAF0-AF3C-468A-963E-B83314DCF8FB}.Release|Any CPU.Build.0 = Release|Any CPU
		{7ECD248F-099F-4CB2-93D3-1B66D6E3D03B}.Debug|Any CPU.ActiveCfg = Debug|Any CPU
		{7ECD248F-099F-4CB2-93D3-1B66D6E3D03B}.Debug|Any CPU.Build.0 = Debug|Any CPU
		{7ECD248F-099F-4CB2-93D3-1B66D6E3D03B}.Release|Any CPU.ActiveCfg = Release|Any CPU
		{7ECD248F-099F-4CB2-93D3-1B66D6E3D03B}.Release|Any CPU.Build.0 = Release|Any CPU
		{3758367C-1FBC-43C9-8AC0-3412853F5808}.Debug|Any CPU.ActiveCfg = Debug|Any CPU
		{3758367C-1FBC-43C9-8AC0-3412853F5808}.Debug|Any CPU.Build.0 = Debug|Any CPU
		{3758367C-1FBC-43C9-8AC0-3412853F5808}.Release|Any CPU.ActiveCfg = Release|Any CPU
		{3758367C-1FBC-43C9-8AC0-3412853F5808}.Release|Any CPU.Build.0 = Release|Any CPU
		{BC38E00E-C3E4-4E6E-A347-0AB9BBF54CBD}.Debug|Any CPU.ActiveCfg = Debug|Any CPU
		{BC38E00E-C3E4-4E6E-A347-0AB9BBF54CBD}.Debug|Any CPU.Build.0 = Debug|Any CPU
		{BC38E00E-C3E4-4E6E-A347-0AB9BBF54CBD}.Release|Any CPU.ActiveCfg = Release|Any CPU
		{BC38E00E-C3E4-4E6E-A347-0AB9BBF54CBD}.Release|Any CPU.Build.0 = Release|Any CPU
	EndGlobalSection
EndGlobal
